Microsoft Visual Studio Solution File, Format Version 12.00
# Visual Studio Version 17
VisualStudioVersion = 17.0.31903.59
MinimumVisualStudioVersion = 10.0.40219.1
Project("{2150E333-8FDC-42A3-9474-1A3956D46DE8}") = "Server", "Server", "{9FC79DBA-4FAB-4AC0-8A25-194F4B5CFB56}"
EndProject
Project("{FAE04EC0-301F-11D3-BF4B-00C04F79EFBC}") = "NocoStudio.API", "Server\NocoStudio.API\NocoStudio.API.csproj", "{2D7A2D54-BBCB-4834-85F0-C73A1C0E4B15}"
EndProject
Project("{FAE04EC0-301F-11D3-BF4B-00C04F79EFBC}") = "NocoStudio.Core", "Server\NocoStudio.Core\NocoStudio.Core.csproj", "{7CDE6766-81F5-4EE0-A8A5-D7D8B7AE9DA7}"
EndProject
Project("{FAE04EC0-301F-11D3-BF4B-00C04F79EFBC}") = "NocoStudio.Infrastructure", "Server\NocoStudio.Infrastructure\NocoStudio.Infrastructure.csproj", "{D1C4A2B9-33A8-4219-B2F1-DC66B04CFC1A}"
EndProject
Global
	GlobalSection(SolutionConfigurationPlatforms) = preSolution
		Debug|Any CPU = Debug|Any CPU
		Release|Any CPU = Release|Any CPU
	EndGlobalSection
	GlobalSection(SolutionProperties) = preSolution
		HideSolutionNode = FALSE
	EndGlobalSection
	GlobalSection(ProjectConfigurationPlatforms) = postSolution
		{2D7A2D54-BBCB-4834-85F0-C73A1C0E4B15}.Debug|Any CPU.ActiveCfg = Debug|Any CPU
		{2D7A2D54-BBCB-4834-85F0-C73A1C0E4B15}.Debug|Any CPU.Build.0 = Debug|Any CPU
		{2D7A2D54-BBCB-4834-85F0-C73A1C0E4B15}.Release|Any CPU.ActiveCfg = Release|Any CPU
		{2D7A2D54-BBCB-4834-85F0-C73A1C0E4B15}.Release|Any CPU.Build.0 = Release|Any CPU
		{7CDE6766-81F5-4EE0-A8A5-D7D8B7AE9DA7}.Debug|Any CPU.ActiveCfg = Debug|Any CPU
		{7CDE6766-81F5-4EE0-A8A5-D7D8B7AE9DA7}.Debug|Any CPU.Build.0 = Debug|Any CPU
		{7CDE6766-81F5-4EE0-A8A5-D7D8B7AE9DA7}.Release|Any CPU.ActiveCfg = Release|Any CPU
		{7CDE6766-81F5-4EE0-A8A5-D7D8B7AE9DA7}.Release|Any CPU.Build.0 = Release|Any CPU
		{D1C4A2B9-33A8-4219-B2F1-DC66B04CFC1A}.Debug|Any CPU.ActiveCfg = Debug|Any CPU
		{D1C4A2B9-33A8-4219-B2F1-DC66B04CFC1A}.Debug|Any CPU.Build.0 = Debug|Any CPU
		{D1C4A2B9-33A8-4219-B2F1-DC66B04CFC1A}.Release|Any CPU.ActiveCfg = Release|Any CPU
		{D1C4A2B9-33A8-4219-B2F1-DC66B04CFC1A}.Release|Any CPU.Build.0 = Release|Any CPU
	EndGlobalSection
	GlobalSection(NestedProjects) = preSolution
		{2D7A2D54-BBCB-4834-85F0-C73A1C0E4B15} = {9FC79DBA-4FAB-4AC0-8A25-194F4B5CFB56}
		{7CDE6766-81F5-4EE0-A8A5-D7D8B7AE9DA7} = {9FC79DBA-4FAB-4AC0-8A25-194F4B5CFB56}
		{D1C4A2B9-33A8-4219-B2F1-DC66B04CFC1A} = {9FC79DBA-4FAB-4AC0-8A25-194F4B5CFB56}
	EndGlobalSection
EndGlobal
